{
  "name": "webview",
  "version": "1.0.0",
  "lockfileVersion": 1,
  "requires": true,
  "dependencies": {
    "egretwing": {
      "version": "3.0.4",
      "resolved": "https://registry.npmjs.org/egretwing/-/egretwing-3.0.4.tgz",
      "integrity": "sha1-jth/7/EZVJXR0W7uW+2r8tGQCOQ=",
      "dev": true,
      "requires": {
        "semver": "5.4.1"
      }
    },
    "semver": {
      "version": "5.4.1",
      "resolved": "https://registry.npmjs.org/semver/-/semver-5.4.1.tgz",
      "integrity": "sha512-WfG/X9+oATh81XtllIo/I8gOiY9EXRdv1cQdyykeXK17YcUW3EXUAi2To4pcH6nZtJPr7ZOpM5OMyWJZm+8Rsg==",
      "dev": true
    },
    "typescript": {
      "version": "1.8.10",
      "resolved": "https://registry.npmjs.org/typescript/-/typescript-1.8.10.tgz",
      "integrity": "sha1-tHXW4N/wv1DyluXKbvn7tccyDx4=",
      "dev": true
    }
  }
}
